
Microsoft Visual Studio Solution File, Format Version 12.00
Project("{8BC9CEB8-8B4A-11D0-8D11-00A0C91BC942}") = "Lesson 8", "Lesson 8\Lesson 8.vcxproj", "{96FC780A-96C0-43AE-B195-762F96637EC1}"
EndProject
Project("{8BC9CEB8-8B4A-11D0-8D11-00A0C91BC942}") = "Lesson 7", "Lesson 7\Lesson 7.vcxproj", "{9DEFBDF0-C5A6-4891-AB6F-FFCCABB68D54}"
EndProject
Project("{8BC9CEB8-8B4A-11D0-8D11-00A0C91BC942}") = "Lesson 2", "Lesson 2\Lesson 2.vcxproj", "{BAF17826-F1E7-4595-B2D1-5D4F4B8813D4}"
EndProject
Project("{8BC9CEB8-8B4A-11D0-8D11-00A0C91BC942}") = "Lesson 3", "Lesson 3\Lesson 3.vcxproj", "{7C2ABB1F-8A9E-41EC-BA2F-523144A084B8}"
EndProject
Project("{8BC9CEB8-8B4A-11D0-8D11-00A0C91BC942}") = "Lesson 4", "Lesson 4\Lesson 4.vcxproj", "{662771FE-DE66-4E47-9DBF-5F375BE9552D}"
EndProject
Project("{8BC9CEB8-8B4A-11D0-8D11-00A0C91BC942}") = "Lesson 5", "Lesson 5\Lesson 5.vcxproj", "{C30C7C01-BCC6-40C7-A287-E2AEA2373C62}"
EndProject
Project("{8BC9CEB8-8B4A-11D0-8D11-00A0C91BC942}") = "Lesson 6", "Lesson 6\Lesson 6.vcxproj", "{4BD40F97-C4CD-4EDC-A77B-EBBE3586D343}"
EndProject
Project("{8BC9CEB8-8B4A-11D0-8D11-00A0C91BC942}") = "Lesson 9", "Lesson 9\Lesson 9.vcxproj", "{48D47492-DB3D-47F0-A210-7A89850BDF51}"
EndProject
Project("{8BC9CEB8-8B4A-11D0-8D11-00A0C91BC942}") = "Lesson 10", "Lesson 10\Lesson 10.vcxproj", "{C17A0DAB-8425-4BAA-AE2D-40D400E9DA3F}"
EndProject
Project("{8BC9CEB8-8B4A-11D0-8D11-00A0C91BC942}") = "Lesson 11", "Lesson 11\Lesson 11.vcxproj", "{2FB72CCD-C98F-4DE5-BE37-273FE692576D}"
EndProject
Global
	GlobalSection(SolutionConfigurationPlatforms) = preSolution
		Debug|Win32 = Debug|Win32
		Debug|x64 = Debug|x64
		Release|Win32 = Release|Win32
		Release|x64 = Release|x64
	EndGlobalSection
	GlobalSection(ProjectConfigurationPlatforms) = postSolution
		{96FC780A-96C0-43AE-B195-762F96637EC1}.Debug|Win32.ActiveCfg = Debug|Win32
		{96FC780A-96C0-43AE-B195-762F96637EC1}.Debug|Win32.Build.0 = Debug|Win32
		{96FC780A-96C0-43AE-B195-762F96637EC1}.Debug|x64.ActiveCfg = Debug|x64
		{96FC780A-96C0-43AE-B195-762F96637EC1}.Debug|x64.Build.0 = Debug|x64
		{96FC780A-96C0-43AE-B195-762F96637EC1}.Release|Win32.ActiveCfg = Release|Win32
		{96FC780A-96C0-43AE-B195-762F96637EC1}.Release|Win32.Build.0 = Release|Win32
		{96FC780A-96C0-43AE-B195-762F96637EC1}.Release|x64.ActiveCfg = Release|x64
		{96FC780A-96C0-43AE-B195-762F96637EC1}.Release|x64.Build.0 = Release|x64
		{9DEFBDF0-C5A6-4891-AB6F-FFCCABB68D54}.Debug|Win32.ActiveCfg = Debug|Win32
		{9DEFBDF0-C5A6-4891-AB6F-FFCCABB68D54}.Debug|Win32.Build.0 = Debug|Win32
		{9DEFBDF0-C5A6-4891-AB6F-FFCCABB68D54}.Debug|x64.ActiveCfg = Debug|x64
		{9DEFBDF0-C5A6-4891-AB6F-FFCCABB68D54}.Debug|x64.Build.0 = Debug|x64
		{9DEFBDF0-C5A6-4891-AB6F-FFCCABB68D54}.Release|Win32.ActiveCfg = Release|Win32
		{9DEFBDF0-C5A6-4891-AB6F-FFCCABB68D54}.Release|Win32.Build.0 = Release|Win32
		{9DEFBDF0-C5A6-4891-AB6F-FFCCABB68D54}.Release|x64.ActiveCfg = Release|x64
		{9DEFBDF0-C5A6-4891-AB6F-FFCCABB68D54}.Release|x64.Build.0 = Release|x64
		{BAF17826-F1E7-4595-B2D1-5D4F4B8813D4}.Debug|Win32.ActiveCfg = Debug|Win32
		{BAF17826-F1E7-4595-B2D1-5D4F4B8813D4}.Debug|Win32.Build.0 = Debug|Win32
		{BAF17826-F1E7-4595-B2D1-5D4F4B8813D4}.Debug|x64.ActiveCfg = Debug|x64
		{BAF17826-F1E7-4595-B2D1-5D4F4B8813D4}.Debug|x64.Build.0 = Debug|x64
		{BAF17826-F1E7-4595-B2D1-5D4F4B8813D4}.Release|Win32.ActiveCfg = Release|Win32
		{BAF17826-F1E7-4595-B2D1-5D4F4B8813D4}.Release|Win32.Build.0 = Release|Win32
		{BAF17826-F1E7-4595-B2D1-5D4F4B8813D4}.Release|x64.ActiveCfg = Release|x64
		{BAF17826-F1E7-4595-B2D1-5D4F4B8813D4}.Release|x64.Build.0 = Release|x64
		{7C2ABB1F-8A9E-41EC-BA2F-523144A084B8}.Debug|Win32.ActiveCfg = Debug|Win32
		{7C2ABB1F-8A9E-41EC-BA2F-523144A084B8}.Debug|Win32.Build.0 = Debug|Win32
		{7C2ABB1F-8A9E-41EC-BA2F-523144A084B8}.Debug|x64.ActiveCfg = Debug|x64
		{7C2ABB1F-8A9E-41EC-BA2F-523144A084B8}.Debug|x64.Build.0 = Debug|x64
		{7C2ABB1F-8A9E-41EC-BA2F-523144A084B8}.Release|Win32.ActiveCfg = Release|Win32
		{7C2ABB1F-8A9E-41EC-BA2F-523144A084B8}.Release|Win32.Build.0 = Release|Win32
		{7C2ABB1F-8A9E-41EC-BA2F-523144A084B8}.Release|x64.ActiveCfg = Release|x64
		{7C2ABB1F-8A9E-41EC-BA2F-523144A084B8}.Release|x64.Build.0 = Release|x64
		{662771FE-DE66-4E47-9DBF-5F375BE9552D}.Debug|Win32.ActiveCfg = Debug|Win32
		{662771FE-DE66-4E47-9DBF-5F375BE9552D}.Debug|Win32.Build.0 = Debug|Win32
		{662771FE-DE66-4E47-9DBF-5F375BE9552D}.Debug|x64.ActiveCfg = Debug|x64
		{662771FE-DE66-4E47-9DBF-5F375BE9552D}.Debug|x64.Build.0 = Debug|x64
		{662771FE-DE66-4E47-9DBF-5F375BE9552D}.Release|Win32.ActiveCfg = Release|Win32
		{662771FE-DE66-4E47-9DBF-5F375BE9552D}.Release|Win32.Build.0 = Release|Win32
		{662771FE-DE66-4E47-9DBF-5F375BE9552D}.Release|x64.ActiveCfg = Release|x64
		{662771FE-DE66-4E47-9DBF-5F375BE9552D}.Release|x64.Build.0 = Release|x64
		{C30C7C01-BCC6-40C7-A287-E2AEA2373C62}.Debug|Win32.ActiveCfg = Debug|Win32
		{C30C7C01-BCC6-40C7-A287-E2AEA2373C62}.Debug|Win32.Build.0 = Debug|Win32
		{C30C7C01-BCC6-40C7-A287-E2AEA2373C62}.Debug|x64.ActiveCfg = Debug|x64
		{C30C7C01-BCC6-40C7-A287-E2AEA2373C62}.Debug|x64.Build.0 = Debug|x64
		{C30C7C01-BCC6-40C7-A287-E2AEA2373C62}.Release|Win32.ActiveCfg = Release|Win32
		{C30C7C01-BCC6-40C7-A287-E2AEA2373C62}.Release|Win32.Build.0 = Release|Win32
		{C30C7C01-BCC6-40C7-A287-E2AEA2373C62}.Release|x64.ActiveCfg = Release|x64
		{C30C7C01-BCC6-40C7-A287-E2AEA2373C62}.Release|x64.Build.0 = Release|x64
		{4BD40F97-C4CD-4EDC-A77B-EBBE3586D343}.Debug|Win32.ActiveCfg = Debug|Win32
		{4BD40F97-C4CD-4EDC-A77B-EBBE3586D343}.Debug|Win32.Build.0 = Debug|Win32
		{4BD40F97-C4CD-4EDC-A77B-EBBE3586D343}.Debug|x64.ActiveCfg = Debug|x64
		{4BD40F97-C4CD-4EDC-A77B-EBBE3586D343}.Debug|x64.Build.0 = Debug|x64
		{4BD40F97-C4CD-4EDC-A77B-EBBE3586D343}.Release|Win32.ActiveCfg = Release|Win32
		{4BD40F97-C4CD-4EDC-A77B-EBBE3586D343}.Release|Win32.Build.0 = Release|Win32
		{4BD40F97-C4CD-4EDC-A77B-EBBE3586D343}.Release|x64.ActiveCfg = Release|x64
		{4BD40F97-C4CD-4EDC-A77B-EBBE3586D343}.Release|x64.Build.0 = Release|x64
		{48D47492-DB3D-47F0-A210-7A89850BDF51}.Debug|Win32.ActiveCfg = Debug|Win32
		{48D47492-DB3D-47F0-A210-7A89850BDF51}.Debug|Win32.Build.0 = Debug|Win32
		{48D47492-DB3D-47F0-A210-7A89850BDF51}.Debug|x64.ActiveCfg = Debug|x64
		{48D47492-DB3D-47F0-A210-7A89850BDF51}.Debug|x64.Build.0 = Debug|x64
		{48D47492-DB3D-47F0-A210-7A89850BDF51}.Release|Win32.ActiveCfg = Release|Win32
		{48D47492-DB3D-47F0-A210-7A89850BDF51}.Release|Win32.Build.0 = Release|Win32
		{48D47492-DB3D-47F0-A210-7A89850BDF51}.Release|x64.ActiveCfg = Release|x64
		{48D47492-DB3D-47F0-A210-7A89850BDF51}.Release|x64.Build.0 = Release|x64
		{C17A0DAB-8425-4BAA-AE2D-40D400E9DA3F}.Debug|Win32.ActiveCfg = Debug|Win32
		{C17A0DAB-8425-4BAA-AE2D-40D400E9DA3F}.Debug|Win32.Build.0 = Debug|Win32
		{C17A0DAB-8425-4BAA-AE2D-40D400E9DA3F}.Debug|x64.ActiveCfg = Debug|x64
		{C17A0DAB-8425-4BAA-AE2D-40D400E9DA3F}.Debug|x64.Build.0 = Debug|x64
		{C17A0DAB-8425-4BAA-AE2D-40D400E9DA3F}.Release|Win32.ActiveCfg = Release|Win32
		{C17A0DAB-8425-4BAA-AE2D-40D400E9DA3F}.Release|Win32.Build.0 = Release|Win32
		{C17A0DAB-8425-4BAA-AE2D-40D400E9DA3F}.Release|x64.ActiveCfg = Release|x64
		{C17A0DAB-8425-4BAA-AE2D-40D400E9DA3F}.Release|x64.Build.0 = Release|x64
		{2FB72CCD-C98F-4DE5-BE37-273FE692576D}.Debug|Win32.ActiveCfg = Debug|Win32
		{2FB72CCD-C98F-4DE5-BE37-273FE692576D}.Debug|Win32.Build.0 = Debug|Win32
		{2FB72CCD-C98F-4DE5-BE37-273FE692576D}.Debug|x64.ActiveCfg = Debug|x64
		{2FB72CCD-C98F-4DE5-BE37-273FE692576D}.Debug|x64.Build.0 = Debug|x64
		{2FB72CCD-C98F-4DE5-BE37-273FE692576D}.Release|Win32.ActiveCfg = Release|Win32
		{2FB72CCD-C98F-4DE5-BE37-273FE692576D}.Release|Win32.Build.0 = Release|Win32
		{2FB72CCD-C98F-4DE5-BE37-273FE692576D}.Release|x64.ActiveCfg = Release|x64
		{2FB72CCD-C98F-4DE5-BE37-273FE692576D}.Release|x64.Build.0 = Release|x64
	EndGlobalSection
EndGlobal
